
Microsoft Visual Studio Solution File, Format Version 12.00
# Visual Studio Version 17
VisualStudioVersion = 17.9.34902.65
MinimumVisualStudioVersion = 10.0.40219.1
Project("{2150E333-8FDC-42A3-9474-1A3956D46DE8}") = "Services", "Services", "{9FA7FB99-707E-4C78-8CB5-26FE60E5A078}"
EndProject
Project("{2150E333-8FDC-42A3-9474-1A3956D46DE8}") = "Catalog", "Catalog", "{2037DEE3-D186-4D78-8390-BA3522E029AC}"
EndProject
Project("{9A19103F-16F7-4668-BE54-9A1E7A4F7556}") = "Catalog.API", "Services\Catalog\Catalog.API\Catalog.API.csproj", "{1FD8539F-B1DF-4FEB-B6FA-D97A292DB958}"
EndProject
Project("{2150E333-8FDC-42A3-9474-1A3956D46DE8}") = "BuildingBlocks", "BuildingBlocks", "{6DD7C86C-DD14-4FDB-81AA-67D5600127D7}"
EndProject
Project("{9A19103F-16F7-4668-BE54-9A1E7A4F7556}") = "BuildingBlocks", "BuildingBlocks\BuildingBlocks\BuildingBlocks.csproj", "{D083D628-8002-4631-971F-F07102632A20}"
EndProject
Project("{E53339B2-1760-4266-BCC7-CA923CBCF16C}") = "docker-compose", "docker-compose.dcproj", "{3E85DA0C-86B5-40DD-95D6-993DB506CF16}"
EndProject
Project("{2150E333-8FDC-42A3-9474-1A3956D46DE8}") = "Basket", "Basket", "{38E4C978-F547-4867-A0C2-6BBBED65E822}"
EndProject
Project("{9A19103F-16F7-4668-BE54-9A1E7A4F7556}") = "Basket.API", "Services\Basket\Basket.API\Basket.API.csproj", "{2BA6497B-0CF6-4868-BCF0-FF796FE10445}"
EndProject
Project("{2150E333-8FDC-42A3-9474-1A3956D46DE8}") = "Discount", "Discount", "{4CA55BA5-179D-4EE1-BCB5-7E3C5E26AE04}"
EndProject
Project("{9A19103F-16F7-4668-BE54-9A1E7A4F7556}") = "Discount.Grpc", "Services\Discount\Discount.Grpc\Discount.Grpc.csproj", "{29F61519-BC9B-41D6-B0EE-61849681E6F0}"
EndProject
Project("{2150E333-8FDC-42A3-9474-1A3956D46DE8}") = "Ordering", "Ordering", "{07C17665-6107-4C80-B6BB-4E1E172234A1}"
EndProject
Project("{FAE04EC0-301F-11D3-BF4B-00C04F79EFBC}") = "Ordering.API", "Services\Ordering\Ordering.API\Ordering.API.csproj", "{55483C5B-75D0-4EF1-90D7-30CE6D3610A4}"
EndProject
Global
	GlobalSection(SolutionConfigurationPlatforms) = preSolution
		Debug|Any CPU = Debug|Any CPU
		Release|Any CPU = Release|Any CPU
	EndGlobalSection
	GlobalSection(ProjectConfigurationPlatforms) = postSolution
		{1FD8539F-B1DF-4FEB-B6FA-D97A292DB958}.Debug|Any CPU.ActiveCfg = Debug|Any CPU
		{1FD8539F-B1DF-4FEB-B6FA-D97A292DB958}.Debug|Any CPU.Build.0 = Debug|Any CPU
		{1FD8539F-B1DF-4FEB-B6FA-D97A292DB958}.Release|Any CPU.ActiveCfg = Release|Any CPU
		{1FD8539F-B1DF-4FEB-B6FA-D97A292DB958}.Release|Any CPU.Build.0 = Release|Any CPU
		{D083D628-8002-4631-971F-F07102632A20}.Debug|Any CPU.ActiveCfg = Debug|Any CPU
		{D083D628-8002-4631-971F-F07102632A20}.Debug|Any CPU.Build.0 = Debug|Any CPU
		{D083D628-8002-4631-971F-F07102632A20}.Release|Any CPU.ActiveCfg = Release|Any CPU
		{D083D628-8002-4631-971F-F07102632A20}.Release|Any CPU.Build.0 = Release|Any CPU
		{3E85DA0C-86B5-40DD-95D6-993DB506CF16}.Debug|Any CPU.ActiveCfg = Debug|Any CPU
		{3E85DA0C-86B5-40DD-95D6-993DB506CF16}.Debug|Any CPU.Build.0 = Debug|Any CPU
		{3E85DA0C-86B5-40DD-95D6-993DB506CF16}.Release|Any CPU.ActiveCfg = Release|Any CPU
		{3E85DA0C-86B5-40DD-95D6-993DB506CF16}.Release|Any CPU.Build.0 = Release|Any CPU
		{2BA6497B-0CF6-4868-BCF0-FF796FE10445}.Debug|Any CPU.ActiveCfg = Debug|Any CPU
		{2BA6497B-0CF6-4868-BCF0-FF796FE10445}.Debug|Any CPU.Build.0 = Debug|Any CPU
		{2BA6497B-0CF6-4868-BCF0-FF796FE10445}.Release|Any CPU.ActiveCfg = Release|Any CPU
		{2BA6497B-0CF6-4868-BCF0-FF796FE10445}.Release|Any CPU.Build.0 = Release|Any CPU
		{29F61519-BC9B-41D6-B0EE-61849681E6F0}.Debug|Any CPU.ActiveCfg = Debug|Any CPU
		{29F61519-BC9B-41D6-B0EE-61849681E6F0}.Debug|Any CPU.Build.0 = Debug|Any CPU
		{29F61519-BC9B-41D6-B0EE-61849681E6F0}.Release|Any CPU.ActiveCfg = Release|Any CPU
		{29F61519-BC9B-41D6-B0EE-61849681E6F0}.Release|Any CPU.Build.0 = Release|Any CPU
		{55483C5B-75D0-4EF1-90D7-30CE6D3610A4}.Debug|Any CPU.ActiveCfg = Debug|Any CPU
		{55483C5B-75D0-4EF1-90D7-30CE6D3610A4}.Debug|Any CPU.Build.0 = Debug|Any CPU
		{55483C5B-75D0-4EF1-90D7-30CE6D3610A4}.Release|Any CPU.ActiveCfg = Release|Any CPU
		{55483C5B-75D0-4EF1-90D7-30CE6D3610A4}.Release|Any CPU.Build.0 = Release|Any CPU
	EndGlobalSection
	GlobalSection(SolutionProperties) = preSolution
		HideSolutionNode = FALSE
	EndGlobalSection
	GlobalSection(NestedProjects) = preSolution
		{2037DEE3-D186-4D78-8390-BA3522E029AC} = {9FA7FB99-707E-4C78-8CB5-26FE60E5A078}
		{1FD8539F-B1DF-4FEB-B6FA-D97A292DB958} = {2037DEE3-D186-4D78-8390-BA3522E029AC}
		{D083D628-8002-4631-971F-F07102632A20} = {6DD7C86C-DD14-4FDB-81AA-67D5600127D7}
		{38E4C978-F547-4867-A0C2-6BBBED65E822} = {9FA7FB99-707E-4C78-8CB5-26FE60E5A078}
		{2BA6497B-0CF6-4868-BCF0-FF796FE10445} = {38E4C978-F547-4867-A0C2-6BBBED65E822}
		{4CA55BA5-179D-4EE1-BCB5-7E3C5E26AE04} = {9FA7FB99-707E-4C78-8CB5-26FE60E5A078}
		{29F61519-BC9B-41D6-B0EE-61849681E6F0} = {4CA55BA5-179D-4EE1-BCB5-7E3C5E26AE04}
		{07C17665-6107-4C80-B6BB-4E1E172234A1} = {9FA7FB99-707E-4C78-8CB5-26FE60E5A078}
		{55483C5B-75D0-4EF1-90D7-30CE6D3610A4} = {07C17665-6107-4C80-B6BB-4E1E172234A1}
	EndGlobalSection
	GlobalSection(ExtensibilityGlobals) = postSolution
		SolutionGuid = {8153D2A1-A126-44C1-9E17-245DA1093EFB}
	EndGlobalSection
EndGlobal
